// !$*UTF8*$!
{
	archiveVersion = 1;
	classes = {
	};
	objectVersion = 56;
	objects = {

/* Begin PBXBuildFile section */
		3737813E2A11C3DF00F2BD06 /* Cancellable.swift in Sources */ = {isa = PBXBuildFile; fileRef = 3737813D2A11C3DF00F2BD06 /* Cancellable.swift */; };
		373781402A11C40400F2BD06 /* DispatchQueueType.swift in Sources */ = {isa = PBXBuildFile; fileRef = 3737813F2A11C40400F2BD06 /* DispatchQueueType.swift */; };
		374CF1142A1091E900981849 /* AppDelegate.swift in Sources */ = {isa = PBXBuildFile; fileRef = 374CF1132A1091E900981849 /* AppDelegate.swift */; };
		374CF1162A1091E900981849 /* SceneDelegate.swift in Sources */ = {isa = PBXBuildFile; fileRef = 374CF1152A1091E900981849 /* SceneDelegate.swift */; };
		374CF1182A1091E900981849 /* RMTabController.swift in Sources */ = {isa = PBXBuildFile; fileRef = 374CF1172A1091E900981849 /* RMTabController.swift */; };
		374CF11D2A1091EC00981849 /* Assets.xcassets in Resources */ = {isa = PBXBuildFile; fileRef = 374CF11C2A1091EC00981849 /* Assets.xcassets */; };
		374CF1202A1091EC00981849 /* LaunchScreen.storyboard in Resources */ = {isa = PBXBuildFile; fileRef = 374CF11E2A1091EC00981849 /* LaunchScreen.storyboard */; };
		374CF1382A10980D00981849 /* RMCharacterViewController.swift in Sources */ = {isa = PBXBuildFile; fileRef = 374CF1372A10980D00981849 /* RMCharacterViewController.swift */; };
		374CF13D2A10984500981849 /* RMLocationViewController.swift in Sources */ = {isa = PBXBuildFile; fileRef = 374CF13C2A10984500981849 /* RMLocationViewController.swift */; };
		374CF13F2A10985200981849 /* RMEpisodeViewController.swift in Sources */ = {isa = PBXBuildFile; fileRef = 374CF13E2A10985200981849 /* RMEpisodeViewController.swift */; };
		374CF1412A10986100981849 /* RMSettingsViewController.swift in Sources */ = {isa = PBXBuildFile; fileRef = 374CF1402A10986100981849 /* RMSettingsViewController.swift */; };
		37B76D0D2B23494E00D27424 /* RMLocation.swift in Sources */ = {isa = PBXBuildFile; fileRef = 37B76D0C2B23494E00D27424 /* RMLocation.swift */; };
		37B76D0F2B23495E00D27424 /* RMCharacter.swift in Sources */ = {isa = PBXBuildFile; fileRef = 37B76D0E2B23495E00D27424 /* RMCharacter.swift */; };
		37B76D112B23497200D27424 /* RMEpisode.swift in Sources */ = {isa = PBXBuildFile; fileRef = 37B76D102B23497200D27424 /* RMEpisode.swift */; };
		37B76D132B234B4A00D27424 /* RMService.swift in Sources */ = {isa = PBXBuildFile; fileRef = 37B76D122B234B4A00D27424 /* RMService.swift */; };
		37B76D152B234B5D00D27424 /* RMRequest.swift in Sources */ = {isa = PBXBuildFile; fileRef = 37B76D142B234B5D00D27424 /* RMRequest.swift */; };
		37B76D172B234BC800D27424 /* RMEndpoint.swift in Sources */ = {isa = PBXBuildFile; fileRef = 37B76D162B234BC800D27424 /* RMEndpoint.swift */; };
		37B76D192B234FD300D27424 /* RMOrigin.swift in Sources */ = {isa = PBXBuildFile; fileRef = 37B76D182B234FD300D27424 /* RMOrigin.swift */; };
		37B76D1B2B23507900D27424 /* RMSingleLocation.swift in Sources */ = {isa = PBXBuildFile; fileRef = 37B76D1A2B23507900D27424 /* RMSingleLocation.swift */; };
		37B76D1D2B2351C000D27424 /* RMCharacterStatus.swift in Sources */ = {isa = PBXBuildFile; fileRef = 37B76D1C2B2351C000D27424 /* RMCharacterStatus.swift */; };
		37B76D1F2B2351E300D27424 /* RMCharacterGender.swift in Sources */ = {isa = PBXBuildFile; fileRef = 37B76D1E2B2351E300D27424 /* RMCharacterGender.swift */; };
/* End PBXBuildFile section */

/* Begin PBXFileReference section */
		3737813D2A11C3DF00F2BD06 /* Cancellable.swift */ = {isa = PBXFileReference; lastKnownFileType = sourcecode.swift; path = Cancellable.swift; sourceTree = "<group>"; };
		3737813F2A11C40400F2BD06 /* DispatchQueueType.swift */ = {isa = PBXFileReference; lastKnownFileType = sourcecode.swift; path = DispatchQueueType.swift; sourceTree = "<group>"; };
		374CF1102A1091E900981849 /* RickAndMorty.app */ = {isa = PBXFileReference; explicitFileType = wrapper.application; includeInIndex = 0; path = RickAndMorty.app; sourceTree = BUILT_PRODUCTS_DIR; };
		374CF1132A1091E900981849 /* AppDelegate.swift */ = {isa = PBXFileReference; lastKnownFileType = sourcecode.swift; path = AppDelegate.swift; sourceTree = "<group>"; };
		374CF1152A1091E900981849 /* SceneDelegate.swift */ = {isa = PBXFileReference; lastKnownFileType = sourcecode.swift; path = SceneDelegate.swift; sourceTree = "<group>"; };
		374CF1172A1091E900981849 /* RMTabController.swift */ = {isa = PBXFileReference; lastKnownFileType = sourcecode.swift; path = RMTabController.swift; sourceTree = "<group>"; };
		374CF11C2A1091EC00981849 /* Assets.xcassets */ = {isa = PBXFileReference; lastKnownFileType = folder.assetcatalog; path = Assets.xcassets; sourceTree = "<group>"; };
		374CF11F2A1091EC00981849 /* Base */ = {isa = PBXFileReference; lastKnownFileType = file.storyboard; name = Base; path = Base.lproj/LaunchScreen.storyboard; sourceTree = "<group>"; };
		374CF1212A1091EC00981849 /* Info.plist */ = {isa = PBXFileReference; lastKnownFileType = text.plist.xml; path = Info.plist; sourceTree = "<group>"; };
		374CF1372A10980D00981849 /* RMCharacterViewController.swift */ = {isa = PBXFileReference; lastKnownFileType = sourcecode.swift; path = RMCharacterViewController.swift; sourceTree = "<group>"; };
		374CF13C2A10984500981849 /* RMLocationViewController.swift */ = {isa = PBXFileReference; lastKnownFileType = sourcecode.swift; path = RMLocationViewController.swift; sourceTree = "<group>"; };
		374CF13E2A10985200981849 /* RMEpisodeViewController.swift */ = {isa = PBXFileReference; lastKnownFileType = sourcecode.swift; path = RMEpisodeViewController.swift; sourceTree = "<group>"; };
		374CF1402A10986100981849 /* RMSettingsViewController.swift */ = {isa = PBXFileReference; lastKnownFileType = sourcecode.swift; path = RMSettingsViewController.swift; sourceTree = "<group>"; };
		37B76D0C2B23494E00D27424 /* RMLocation.swift */ = {isa = PBXFileReference; lastKnownFileType = sourcecode.swift; path = RMLocation.swift; sourceTree = "<group>"; };
		37B76D0E2B23495E00D27424 /* RMCharacter.swift */ = {isa = PBXFileReference; lastKnownFileType = sourcecode.swift; path = RMCharacter.swift; sourceTree = "<group>"; };
		37B76D102B23497200D27424 /* RMEpisode.swift */ = {isa = PBXFileReference; lastKnownFileType = sourcecode.swift; path = RMEpisode.swift; sourceTree = "<group>"; };
		37B76D122B234B4A00D27424 /* RMService.swift */ = {isa = PBXFileReference; lastKnownFileType = sourcecode.swift; path = RMService.swift; sourceTree = "<group>"; };
		37B76D142B234B5D00D27424 /* RMRequest.swift */ = {isa = PBXFileReference; lastKnownFileType = sourcecode.swift; path = RMRequest.swift; sourceTree = "<group>"; };
		37B76D162B234BC800D27424 /* RMEndpoint.swift */ = {isa = PBXFileReference; lastKnownFileType = sourcecode.swift; path = RMEndpoint.swift; sourceTree = "<group>"; };
		37B76D182B234FD300D27424 /* RMOrigin.swift */ = {isa = PBXFileReference; lastKnownFileType = sourcecode.swift; path = RMOrigin.swift; sourceTree = "<group>"; };
		37B76D1A2B23507900D27424 /* RMSingleLocation.swift */ = {isa = PBXFileReference; lastKnownFileType = sourcecode.swift; path = RMSingleLocation.swift; sourceTree = "<group>"; };
		37B76D1C2B2351C000D27424 /* RMCharacterStatus.swift */ = {isa = PBXFileReference; lastKnownFileType = sourcecode.swift; path = RMCharacterStatus.swift; sourceTree = "<group>"; };
		37B76D1E2B2351E300D27424 /* RMCharacterGender.swift */ = {isa = PBXFileReference; lastKnownFileType = sourcecode.swift; path = RMCharacterGender.swift; sourceTree = "<group>"; };
/* End PBXFileReference section */

/* Begin PBXFrameworksBuildPhase section */
		374CF10D2A1091E900981849 /* Frameworks */ = {
			isa = PBXFrameworksBuildPhase;
			buildActionMask = 2147483647;
			files = (
			);
			runOnlyForDeploymentPostprocessing = 0;
		};
/* End PBXFrameworksBuildPhase section */

/* Begin PBXGroup section */
		3737813C2A11C3B400F2BD06 /* Common */ = {
			isa = PBXGroup;
			children = (
				3737813D2A11C3DF00F2BD06 /* Cancellable.swift */,
				3737813F2A11C40400F2BD06 /* DispatchQueueType.swift */,
			);
			path = Common;
			sourceTree = "<group>";
		};
		374CF1072A1091E900981849 = {
			isa = PBXGroup;
			children = (
				374CF1122A1091E900981849 /* RickAndMorty */,
				374CF1112A1091E900981849 /* Products */,
			);
			sourceTree = "<group>";
		};
		374CF1112A1091E900981849 /* Products */ = {
			isa = PBXGroup;
			children = (
				374CF1102A1091E900981849 /* RickAndMorty.app */,
			);
			name = Products;
			sourceTree = "<group>";
		};
		374CF1122A1091E900981849 /* RickAndMorty */ = {
			isa = PBXGroup;
			children = (
				37B76D0B2B2348D000D27424 /* Managers */,
				37B76D0A2B2348C300D27424 /* ApiClients */,
				37B76D092B2348B300D27424 /* ViewModels */,
				37B76D082B2348AB00D27424 /* Views */,
				37B76D072B23489F00D27424 /* Models */,
				3737813C2A11C3B400F2BD06 /* Common */,
				374CF1272A10955800981849 /* Resources */,
				374CF1342A10973B00981849 /* Controller */,
				374CF1212A1091EC00981849 /* Info.plist */,
			);
			path = RickAndMorty;
			sourceTree = "<group>";
		};
		374CF1272A10955800981849 /* Resources */ = {
			isa = PBXGroup;
			children = (
				374CF11C2A1091EC00981849 /* Assets.xcassets */,
				374CF11E2A1091EC00981849 /* LaunchScreen.storyboard */,
				374CF1152A1091E900981849 /* SceneDelegate.swift */,
				374CF1132A1091E900981849 /* AppDelegate.swift */,
			);
			path = Resources;
			sourceTree = "<group>";
		};
		374CF1342A10973B00981849 /* Controller */ = {
			isa = PBXGroup;
			children = (
				374CF13B2A10982D00981849 /* settings */,
				374CF13A2A10982400981849 /* episode */,
				374CF1392A10981200981849 /* location */,
				374CF1362A1097E700981849 /* character */,
				374CF1352A10974900981849 /* main */,
			);
			path = Controller;
			sourceTree = "<group>";
		};
		374CF1352A10974900981849 /* main */ = {
			isa = PBXGroup;
			children = (
				374CF1172A1091E900981849 /* RMTabController.swift */,
			);
			path = main;
			sourceTree = "<group>";
		};
		374CF1362A1097E700981849 /* character */ = {
			isa = PBXGroup;
			children = (
				374CF1372A10980D00981849 /* RMCharacterViewController.swift */,
			);
			path = character;
			sourceTree = "<group>";
		};
		374CF1392A10981200981849 /* location */ = {
			isa = PBXGroup;
			children = (
				374CF13C2A10984500981849 /* RMLocationViewController.swift */,
			);
			path = location;
			sourceTree = "<group>";
		};
		374CF13A2A10982400981849 /* episode */ = {
			isa = PBXGroup;
			children = (
				374CF13E2A10985200981849 /* RMEpisodeViewController.swift */,
			);
			path = episode;
			sourceTree = "<group>";
		};
		374CF13B2A10982D00981849 /* settings */ = {
			isa = PBXGroup;
			children = (
				374CF1402A10986100981849 /* RMSettingsViewController.swift */,
			);
			path = settings;
			sourceTree = "<group>";
		};
		37B76D072B23489F00D27424 /* Models */ = {
			isa = PBXGroup;
			children = (
				37B76D0C2B23494E00D27424 /* RMLocation.swift */,
				37B76D0E2B23495E00D27424 /* RMCharacter.swift */,
				37B76D102B23497200D27424 /* RMEpisode.swift */,
				37B76D182B234FD300D27424 /* RMOrigin.swift */,
				37B76D1A2B23507900D27424 /* RMSingleLocation.swift */,
				37B76D1C2B2351C000D27424 /* RMCharacterStatus.swift */,
				37B76D1E2B2351E300D27424 /* RMCharacterGender.swift */,
			);
			path = Models;
			sourceTree = "<group>";
		};
		37B76D082B2348AB00D27424 /* Views */ = {
			isa = PBXGroup;
			children = (
			);
			path = Views;
			sourceTree = "<group>";
		};
		37B76D092B2348B300D27424 /* ViewModels */ = {
			isa = PBXGroup;
			children = (
			);
			path = ViewModels;
			sourceTree = "<group>";
		};
		37B76D0A2B2348C300D27424 /* ApiClients */ = {
			isa = PBXGroup;
			children = (
				37B76D122B234B4A00D27424 /* RMService.swift */,
				37B76D142B234B5D00D27424 /* RMRequest.swift */,
				37B76D162B234BC800D27424 /* RMEndpoint.swift */,
			);
			path = ApiClients;
			sourceTree = "<group>";
		};
		37B76D0B2B2348D000D27424 /* Managers */ = {
			isa = PBXGroup;
			children = (
			);
			path = Managers;
			sourceTree = "<group>";
		};
/* End PBXGroup section */

/* Begin PBXNativeTarget section */
		374CF10F2A1091E900981849 /* RickAndMorty */ = {
			isa = PBXNativeTarget;
			buildConfigurationList = 374CF1242A1091EC00981849 /* Build configuration list for PBXNativeTarget "RickAndMorty" */;
			buildPhases = (
				374CF10C2A1091E900981849 /* Sources */,
				374CF10D2A1091E900981849 /* Frameworks */,
				374CF10E2A1091E900981849 /* Resources */,
			);
			buildRules = (
			);
			dependencies = (
			);
			name = RickAndMorty;
			productName = RickAndMorty;
			productReference = 374CF1102A1091E900981849 /* RickAndMorty.app */;
			productType = "com.apple.product-type.application";
		};
/* End PBXNativeTarget section */

/* Begin PBXProject section */
		374CF1082A1091E900981849 /* Project object */ = {
			isa = PBXProject;
			attributes = {
				BuildIndependentTargetsInParallel = 1;
				LastSwiftUpdateCheck = 1430;
				LastUpgradeCheck = 1430;
				TargetAttributes = {
					374CF10F2A1091E900981849 = {
						CreatedOnToolsVersion = 14.3;
					};
				};
			};
			buildConfigurationList = 374CF10B2A1091E900981849 /* Build configuration list for PBXProject "RickAndMorty" */;
			compatibilityVersion = "Xcode 14.0";
			developmentRegion = en;
			hasScannedForEncodings = 0;
			knownRegions = (
				en,
				Base,
			);
			mainGroup = 374CF1072A1091E900981849;
			productRefGroup = 374CF1112A1091E900981849 /* Products */;
			projectDirPath = "";
			projectRoot = "";
			targets = (
				374CF10F2A1091E900981849 /* RickAndMorty */,
			);
		};
/* End PBXProject section */

/* Begin PBXResourcesBuildPhase section */
		374CF10E2A1091E900981849 /* Resources */ = {
			isa = PBXResourcesBuildPhase;
			buildActionMask = 2147483647;
			files = (
				374CF1202A1091EC00981849 /* LaunchScreen.storyboard in Resources */,
				374CF11D2A1091EC00981849 /* Assets.xcassets in Resources */,
			);
			runOnlyForDeploymentPostprocessing = 0;
		};
/* End PBXResourcesBuildPhase section */

/* Begin PBXSourcesBuildPhase section */
		374CF10C2A1091E900981849 /* Sources */ = {
			isa = PBXSourcesBuildPhase;
			buildActionMask = 2147483647;
			files = (
				37B76D192B234FD300D27424 /* RMOrigin.swift in Sources */,
				3737813E2A11C3DF00F2BD06 /* Cancellable.swift in Sources */,
				37B76D1D2B2351C000D27424 /* RMCharacterStatus.swift in Sources */,
				374CF1412A10986100981849 /* RMSettingsViewController.swift in Sources */,
				374CF1182A1091E900981849 /* RMTabController.swift in Sources */,
				374CF1382A10980D00981849 /* RMCharacterViewController.swift in Sources */,
				374CF1142A1091E900981849 /* AppDelegate.swift in Sources */,
				374CF13D2A10984500981849 /* RMLocationViewController.swift in Sources */,
				37B76D112B23497200D27424 /* RMEpisode.swift in Sources */,
				374CF1162A1091E900981849 /* SceneDelegate.swift in Sources */,
				37B76D0D2B23494E00D27424 /* RMLocation.swift in Sources */,
				373781402A11C40400F2BD06 /* DispatchQueueType.swift in Sources */,
				37B76D152B234B5D00D27424 /* RMRequest.swift in Sources */,
				37B76D1B2B23507900D27424 /* RMSingleLocation.swift in Sources */,
				37B76D132B234B4A00D27424 /* RMService.swift in Sources */,
				37B76D1F2B2351E300D27424 /* RMCharacterGender.swift in Sources */,
				37B76D172B234BC800D27424 /* RMEndpoint.swift in Sources */,
				374CF13F2A10985200981849 /* RMEpisodeViewController.swift in Sources */,
				37B76D0F2B23495E00D27424 /* RMCharacter.swift in Sources */,
			);
			runOnlyForDeploymentPostprocessing = 0;
		};
/* End PBXSourcesBuildPhase section */

/* Begin PBXVariantGroup section */
		374CF11E2A1091EC00981849 /* LaunchScreen.storyboard */ = {
			isa = PBXVariantGroup;
			children = (
				374CF11F2A1091EC00981849 /* Base */,
			);
			name = LaunchScreen.storyboard;
			sourceTree = "<group>";
		};
/* End PBXVariantGroup section */

/* Begin XCBuildConfiguration section */
		374CF1222A1091EC00981849 /* Debug */ = {
			isa = XCBuildConfiguration;
			buildSettings = {
				ALWAYS_SEARCH_USER_PATHS = NO;
				CLANG_ANALYZER_NONNULL = YES;
				CLANG_ANALYZER_NUMBER_OBJECT_CONVERSION = YES_AGGRESSIVE;
				CLANG_CXX_LANGUAGE_STANDARD = "gnu++20";
				CLANG_ENABLE_MODULES = YES;
				CLANG_ENABLE_OBJC_ARC = YES;
				CLANG_ENABLE_OBJC_WEAK = YES;
				CLANG_WARN_BLOCK_CAPTURE_AUTORELEASING = YES;
				CLANG_WARN_BOOL_CONVERSION = YES;
				CLANG_WARN_COMMA = YES;
				CLANG_WARN_CONSTANT_CONVERSION = YES;
				CLANG_WARN_DEPRECATED_OBJC_IMPLEMENTATIONS = YES;
				CLANG_WARN_DIRECT_OBJC_ISA_USAGE = YES_ERROR;
				CLANG_WARN_DOCUMENTATION_COMMENTS = YES;
				CLANG_WARN_EMPTY_BODY = YES;
				CLANG_WARN_ENUM_CONVERSION = YES;
				CLANG_WARN_INFINITE_RECURSION = YES;
				CLANG_WARN_INT_CONVERSION = YES;
				CLANG_WARN_NON_LITERAL_NULL_CONVERSION = YES;
				CLANG_WARN_OBJC_IMPLICIT_RETAIN_SELF = YES;
				CLANG_WARN_OBJC_LITERAL_CONVERSION = YES;
				CLANG_WARN_OBJC_ROOT_CLASS = YES_ERROR;
				CLANG_WARN_QUOTED_INCLUDE_IN_FRAMEWORK_HEADER = YES;
				CLANG_WARN_RANGE_LOOP_ANALYSIS = YES;
				CLANG_WARN_STRICT_PROTOTYPES = YES;
				CLANG_WARN_SUSPICIOUS_MOVE = YES;
				CLANG_WARN_UNGUARDED_AVAILABILITY = YES_AGGRESSIVE;
				CLANG_WARN_UNREACHABLE_CODE = YES;
				CLANG_WARN__DUPLICATE_METHOD_MATCH = YES;
				COPY_PHASE_STRIP = NO;
				DEBUG_INFORMATION_FORMAT = dwarf;
				ENABLE_STRICT_OBJC_MSGSEND = YES;
				ENABLE_TESTABILITY = YES;
				GCC_C_LANGUAGE_STANDARD = gnu11;
				GCC_DYNAMIC_NO_PIC = NO;
				GCC_NO_COMMON_BLOCKS = YES;
				GCC_OPTIMIZATION_LEVEL = 0;
				GCC_PREPROCESSOR_DEFINITIONS = (
					"DEBUG=1",
					"$(inherited)",
				);
				GCC_WARN_64_TO_32_BIT_CONVERSION = YES;
				GCC_WARN_ABOUT_RETURN_TYPE = YES_ERROR;
				GCC_WARN_UNDECLARED_SELECTOR = YES;
				GCC_WARN_UNINITIALIZED_AUTOS = YES_AGGRESSIVE;
				GCC_WARN_UNUSED_FUNCTION = YES;
				GCC_WARN_UNUSED_VARIABLE = YES;
				IPHONEOS_DEPLOYMENT_TARGET = 16.4;
				MTL_ENABLE_DEBUG_INFO = INCLUDE_SOURCE;
				MTL_FAST_MATH = YES;
				ONLY_ACTIVE_ARCH = YES;
				SDKROOT = iphoneos;
				SWIFT_ACTIVE_COMPILATION_CONDITIONS = DEBUG;
				SWIFT_OPTIMIZATION_LEVEL = "-Onone";
			};
			name = Debug;
		};
		374CF1232A1091EC00981849 /* Release */ = {
			isa = XCBuildConfiguration;
			buildSettings = {
				ALWAYS_SEARCH_USER_PATHS = NO;
				CLANG_ANALYZER_NONNULL = YES;
				CLANG_ANALYZER_NUMBER_OBJECT_CONVERSION = YES_AGGRESSIVE;
				CLANG_CXX_LANGUAGE_STANDARD = "gnu++20";
				CLANG_ENABLE_MODULES = YES;
				CLANG_ENABLE_OBJC_ARC = YES;
				CLANG_ENABLE_OBJC_WEAK = YES;
				CLANG_WARN_BLOCK_CAPTURE_AUTORELEASING = YES;
				CLANG_WARN_BOOL_CONVERSION = YES;
				CLANG_WARN_COMMA = YES;
				CLANG_WARN_CONSTANT_CONVERSION = YES;
				CLANG_WARN_DEPRECATED_OBJC_IMPLEMENTATIONS = YES;
				CLANG_WARN_DIRECT_OBJC_ISA_USAGE = YES_ERROR;
				CLANG_WARN_DOCUMENTATION_COMMENTS = YES;
				CLANG_WARN_EMPTY_BODY = YES;
				CLANG_WARN_ENUM_CONVERSION = YES;
				CLANG_WARN_INFINITE_RECURSION = YES;
				CLANG_WARN_INT_CONVERSION = YES;
				CLANG_WARN_NON_LITERAL_NULL_CONVERSION = YES;
				CLANG_WARN_OBJC_IMPLICIT_RETAIN_SELF = YES;
				CLANG_WARN_OBJC_LITERAL_CONVERSION = YES;
				CLANG_WARN_OBJC_ROOT_CLASS = YES_ERROR;
				CLANG_WARN_QUOTED_INCLUDE_IN_FRAMEWORK_HEADER = YES;
				CLANG_WARN_RANGE_LOOP_ANALYSIS = YES;
				CLANG_WARN_STRICT_PROTOTYPES = YES;
				CLANG_WARN_SUSPICIOUS_MOVE = YES;
				CLANG_WARN_UNGUARDED_AVAILABILITY = YES_AGGRESSIVE;
				CLANG_WARN_UNREACHABLE_CODE = YES;
				CLANG_WARN__DUPLICATE_METHOD_MATCH = YES;
				COPY_PHASE_STRIP = NO;
				DEBUG_INFORMATION_FORMAT = "dwarf-with-dsym";
				ENABLE_NS_ASSERTIONS = NO;
				ENABLE_STRICT_OBJC_MSGSEND = YES;
				GCC_C_LANGUAGE_STANDARD = gnu11;
				GCC_NO_COMMON_BLOCKS = YES;
				GCC_WARN_64_TO_32_BIT_CONVERSION = YES;
				GCC_WARN_ABOUT_RETURN_TYPE = YES_ERROR;
				GCC_WARN_UNDECLARED_SELECTOR = YES;
				GCC_WARN_UNINITIALIZED_AUTOS = YES_AGGRESSIVE;
				GCC_WARN_UNUSED_FUNCTION = YES;
				GCC_WARN_UNUSED_VARIABLE = YES;
				IPHONEOS_DEPLOYMENT_TARGET = 16.4;
				MTL_ENABLE_DEBUG_INFO = NO;
				MTL_FAST_MATH = YES;
				SDKROOT = iphoneos;
				SWIFT_COMPILATION_MODE = wholemodule;
				SWIFT_OPTIMIZATION_LEVEL = "-O";
				VALIDATE_PRODUCT = YES;
			};
			name = Release;
		};
		374CF1252A1091EC00981849 /* Debug */ = {
			isa = XCBuildConfiguration;
			buildSettings = {
				ASSETCATALOG_COMPILER_APPICON_NAME = AppIcon;
				ASSETCATALOG_COMPILER_GLOBAL_ACCENT_COLOR_NAME = AccentColor;
				CODE_SIGN_STYLE = Automatic;
				CURRENT_PROJECT_VERSION = 1;
				DEVELOPMENT_TEAM = MLPF7F86UY;
				GENERATE_INFOPLIST_FILE = YES;
				INFOPLIST_FILE = RickAndMorty/Info.plist;
				INFOPLIST_KEY_UIApplicationSupportsIndirectInputEvents = YES;
				INFOPLIST_KEY_UILaunchStoryboardName = LaunchScreen;
				INFOPLIST_KEY_UISupportedInterfaceOrientations_iPad = "UIInterfaceOrientationPortrait UIInterfaceOrientationPortraitUpsideDown UIInterfaceOrientationLandscapeLeft UIInterfaceOrientationLandscapeRight";
				INFOPLIST_KEY_UISupportedInterfaceOrientations_iPhone = "UIInterfaceOrientationPortrait UIInterfaceOrientationLandscapeLeft UIInterfaceOrientationLandscapeRight";
				LD_RUNPATH_SEARCH_PATHS = (
					"$(inherited)",
					"@executable_path/Frameworks",
				);
				MARKETING_VERSION = 1.0;
				PRODUCT_BUNDLE_IDENTIFIER = com.sawrose.RickAndMorty;
				PRODUCT_NAME = "$(TARGET_NAME)";
				SWIFT_EMIT_LOC_STRINGS = YES;
				SWIFT_VERSION = 5.0;
				TARGETED_DEVICE_FAMILY = "1,2";
			};
			name = Debug;
		};
		374CF1262A1091EC00981849 /* Release */ = {
			isa = XCBuildConfiguration;
			buildSettings = {
				ASSETCATALOG_COMPILER_APPICON_NAME = AppIcon;
				ASSETCATALOG_COMPILER_GLOBAL_ACCENT_COLOR_NAME = AccentColor;
				CODE_SIGN_STYLE = Automatic;
				CURRENT_PROJECT_VERSION = 1;
				DEVELOPMENT_TEAM = MLPF7F86UY;
				GENERATE_INFOPLIST_FILE = YES;
				INFOPLIST_FILE = RickAndMorty/Info.plist;
				INFOPLIST_KEY_UIApplicationSupportsIndirectInputEvents = YES;
				INFOPLIST_KEY_UILaunchStoryboardName = LaunchScreen;
				INFOPLIST_KEY_UISupportedInterfaceOrientations_iPad = "UIInterfaceOrientationPortrait UIInterfaceOrientationPortraitUpsideDown UIInterfaceOrientationLandscapeLeft UIInterfaceOrientationLandscapeRight";
				INFOPLIST_KEY_UISupportedInterfaceOrientations_iPhone = "UIInterfaceOrientationPortrait UIInterfaceOrientationLandscapeLeft UIInterfaceOrientationLandscapeRight";
				LD_RUNPATH_SEARCH_PATHS = (
					"$(inherited)",
					"@executable_path/Frameworks",
				);
				MARKETING_VERSION = 1.0;
				PRODUCT_BUNDLE_IDENTIFIER = com.sawrose.RickAndMorty;
				PRODUCT_NAME = "$(TARGET_NAME)";
				SWIFT_EMIT_LOC_STRINGS = YES;
				SWIFT_VERSION = 5.0;
				TARGETED_DEVICE_FAMILY = "1,2";
			};
			name = Release;
		};
/* End XCBuildConfiguration section */

/* Begin XCConfigurationList section */
		374CF10B2A1091E900981849 /* Build configuration list for PBXProject "RickAndMorty" */ = {
			isa = XCConfigurationList;
			buildConfigurations = (
				374CF1222A1091EC00981849 /* Debug */,
				374CF1232A1091EC00981849 /* Release */,
			);
			defaultConfigurationIsVisible = 0;
			defaultConfigurationName = Release;
		};
		374CF1242A1091EC00981849 /* Build configuration list for PBXNativeTarget "RickAndMorty" */ = {
			isa = XCConfigurationList;
			buildConfigurations = (
				374CF1252A1091EC00981849 /* Debug */,
				374CF1262A1091EC00981849 /* Release */,
			);
			defaultConfigurationIsVisible = 0;
			defaultConfigurationName = Release;
		};
/* End XCConfigurationList section */
	};
	rootObject = 374CF1082A1091E900981849 /* Project object */;
}
